
Microsoft Visual Studio Solution File, Format Version 12.00
# Visual Studio Version 17
VisualStudioVersion = 17.9.34622.214
MinimumVisualStudioVersion = 10.0.40219.1
Project("{FAE04EC0-301F-11D3-BF4B-00C04F79EFBC}") = "myChatBot", "myChatBot\myChatBot.csproj", "{F82A747B-36F9-4760-A2FA-3D8F31E01CC2}"
EndProject
Global
	GlobalSection(SolutionConfigurationPlatforms) = preSolution
		Debug|Any CPU = Debug|Any CPU
		Release|Any CPU = Release|Any CPU
	EndGlobalSection
	GlobalSection(ProjectConfigurationPlatforms) = postSolution
		{F82A747B-36F9-4760-A2FA-3D8F31E01CC2}.Debug|Any CPU.ActiveCfg = Debug|Any CPU
		{F82A747B-36F9-4760-A2FA-3D8F31E01CC2}.Debug|Any CPU.Build.0 = Debug|Any CPU
		{F82A747B-36F9-4760-A2FA-3D8F31E01CC2}.Release|Any CPU.ActiveCfg = Release|Any CPU
		{F82A747B-36F9-4760-A2FA-3D8F31E01CC2}.Release|Any CPU.Build.0 = Release|Any CPU
	EndGlobalSection
	GlobalSection(SolutionProperties) = preSolution
		HideSolutionNode = FALSE
	EndGlobalSection
	GlobalSection(ExtensibilityGlobals) = postSolution
		SolutionGuid = {D61E7647-E713-4837-8BEB-688907ECA78F}
	EndGlobalSection
EndGlobal
